// !$*UTF8*$!
{
	archiveVersion = 1;
	classes = {
	};
	objectVersion = 77;
	objects = {

/* Begin PBXBuildFile section */
		F62DB7EB2D6EC32800712D4B /* FirebaseFunctions in Frameworks */ = {isa = PBXBuildFile; productRef = F62DB7EA2D6EC32800712D4B /* FirebaseFunctions */; };
		F66E29242CD077E900B90ABC /* FirebaseAnalytics in Frameworks */ = {isa = PBXBuildFile; productRef = F66E29232CD077E900B90ABC /* FirebaseAnalytics */; };
		F66E29262CD077E900B90ABC /* FirebaseAuth in Frameworks */ = {isa = PBXBuildFile; productRef = F66E29252CD077E900B90ABC /* FirebaseAuth */; };
		F66E29282CD077E900B90ABC /* FirebaseCore in Frameworks */ = {isa = PBXBuildFile; productRef = F66E29272CD077E900B90ABC /* FirebaseCore */; };
		F66E292A2CD077E900B90ABC /* FirebaseCrashlytics in Frameworks */ = {isa = PBXBuildFile; productRef = F66E29292CD077E900B90ABC /* FirebaseCrashlytics */; };
		F66E292C2CD077E900B90ABC /* FirebaseDatabase in Frameworks */ = {isa = PBXBuildFile; productRef = F66E292B2CD077E900B90ABC /* FirebaseDatabase */; };
		F66E292E2CD077E900B90ABC /* FirebaseFirestore in Frameworks */ = {isa = PBXBuildFile; productRef = F66E292D2CD077E900B90ABC /* FirebaseFirestore */; };
		F66E29302CD077E900B90ABC /* FirebaseRemoteConfig in Frameworks */ = {isa = PBXBuildFile; productRef = F66E292F2CD077E900B90ABC /* FirebaseRemoteConfig */; };
		F66E29322CD077E900B90ABC /* FirebaseStorage in Frameworks */ = {isa = PBXBuildFile; productRef = F66E29312CD077E900B90ABC /* FirebaseStorage */; };
		F670377F2DFCA5DD000D897E /* RevenueCat in Frameworks */ = {isa = PBXBuildFile; productRef = F670377E2DFCA5DD000D897E /* RevenueCat */; };
		F67037812DFCA5DD000D897E /* RevenueCatUI in Frameworks */ = {isa = PBXBuildFile; productRef = F67037802DFCA5DD000D897E /* RevenueCatUI */; };
		F67037832DFCA686000D897E /* StoreKit.framework in Frameworks */ = {isa = PBXBuildFile; fileRef = F67037822DFCA686000D897E /* StoreKit.framework */; };
		F670378D2DFCEA8E000D897E /* nn-storekit-config.storekit in Resources */ = {isa = PBXBuildFile; fileRef = F670378C2DFCEA8E000D897E /* nn-storekit-config.storekit */; };
		F670378F2DFCEBC9000D897E /* StoreKitTestCertificate.cer in Resources */ = {isa = PBXBuildFile; fileRef = F670378E2DFCEBC9000D897E /* StoreKitTestCertificate.cer */; };
		F6A81B902E56524600D24D95 /* QRCode in Frameworks */ = {isa = PBXBuildFile; productRef = F6A81B8F2E56524600D24D95 /* QRCode */; };
		F6B6782A2CDDED5700FDCAE4 /* Toast in Frameworks */ = {isa = PBXBuildFile; productRef = F6B678292CDDED5700FDCAE4 /* Toast */; };
		F6E9EE532DA596DF009113C6 /* FirebaseMessaging in Frameworks */ = {isa = PBXBuildFile; productRef = F6E9EE522DA596DF009113C6 /* FirebaseMessaging */; };
/* End PBXBuildFile section */

/* Begin PBXCopyFilesBuildPhase section */
		F6A81B962E56642A00D24D95 /* Embed Frameworks */ = {
			isa = PBXCopyFilesBuildPhase;
			buildActionMask = 8;
			dstPath = "";
			dstSubfolderSpec = 10;
			files = (
			);
			name = "Embed Frameworks";
			runOnlyForDeploymentPostprocessing = 1;
		};
/* End PBXCopyFilesBuildPhase section */

/* Begin PBXFileReference section */
		F64DE3E92CB1C893006D21FC /* nest-note.app */ = {isa = PBXFileReference; explicitFileType = wrapper.application; includeInIndex = 0; path = "nest-note.app"; sourceTree = BUILT_PRODUCTS_DIR; };
		F67037822DFCA686000D897E /* StoreKit.framework */ = {isa = PBXFileReference; lastKnownFileType = wrapper.framework; name = StoreKit.framework; path = System/Library/Frameworks/StoreKit.framework; sourceTree = SDKROOT; };
		F670378C2DFCEA8E000D897E /* nn-storekit-config.storekit */ = {isa = PBXFileReference; lastKnownFileType = text; path = "nn-storekit-config.storekit"; sourceTree = "<group>"; };
		F670378E2DFCEBC9000D897E /* StoreKitTestCertificate.cer */ = {isa = PBXFileReference; lastKnownFileType = file; name = StoreKitTestCertificate.cer; path = ../Downloads/StoreKitTestCertificate.cer; sourceTree = "<group>"; };
/* End PBXFileReference section */

/* Begin PBXFileSystemSynchronizedBuildFileExceptionSet section */
		F64DE3FB2CB1C897006D21FC /* Exceptions for "nest-note" folder in "nest-note" target */ = {
			isa = PBXFileSystemSynchronizedBuildFileExceptionSet;
			membershipExceptions = (
				SupportingFiles/Info.plist,
			);
			target = F64DE3E82CB1C893006D21FC /* nest-note */;
		};
/* End PBXFileSystemSynchronizedBuildFileExceptionSet section */

/* Begin PBXFileSystemSynchronizedRootGroup section */
		F64DE3EB2CB1C893006D21FC /* nest-note */ = {
			isa = PBXFileSystemSynchronizedRootGroup;
			exceptions = (
				F64DE3FB2CB1C897006D21FC /* Exceptions for "nest-note" folder in "nest-note" target */,
			);
			path = "nest-note";
			sourceTree = "<group>";
		};
/* End PBXFileSystemSynchronizedRootGroup section */

/* Begin PBXFrameworksBuildPhase section */
		F64DE3E62CB1C893006D21FC /* Frameworks */ = {
			isa = PBXFrameworksBuildPhase;
			buildActionMask = 2147483647;
			files = (
				F66E292C2CD077E900B90ABC /* FirebaseDatabase in Frameworks */,
				F67037832DFCA686000D897E /* StoreKit.framework in Frameworks */,
				F67037812DFCA5DD000D897E /* RevenueCatUI in Frameworks */,
				F66E29242CD077E900B90ABC /* FirebaseAnalytics in Frameworks */,
				F66E292A2CD077E900B90ABC /* FirebaseCrashlytics in Frameworks */,
				F6A81B902E56524600D24D95 /* QRCode in Frameworks */,
				F6B6782A2CDDED5700FDCAE4 /* Toast in Frameworks */,
				F66E29302CD077E900B90ABC /* FirebaseRemoteConfig in Frameworks */,
				F66E29282CD077E900B90ABC /* FirebaseCore in Frameworks */,
				F66E29322CD077E900B90ABC /* FirebaseStorage in Frameworks */,
				F62DB7EB2D6EC32800712D4B /* FirebaseFunctions in Frameworks */,
				F670377F2DFCA5DD000D897E /* RevenueCat in Frameworks */,
				F66E29262CD077E900B90ABC /* FirebaseAuth in Frameworks */,
				F6E9EE532DA596DF009113C6 /* FirebaseMessaging in Frameworks */,
				F66E292E2CD077E900B90ABC /* FirebaseFirestore in Frameworks */,
			);
			runOnlyForDeploymentPostprocessing = 0;
		};
/* End PBXFrameworksBuildPhase section */

/* Begin PBXGroup section */
		F62DB7E92D6EC32800712D4B /* Frameworks */ = {
			isa = PBXGroup;
			children = (
				F67037822DFCA686000D897E /* StoreKit.framework */,
			);
			name = Frameworks;
			sourceTree = "<group>";
		};
		F64DE3E02CB1C893006D21FC = {
			isa = PBXGroup;
			children = (
				F670378C2DFCEA8E000D897E /* nn-storekit-config.storekit */,
				F670378E2DFCEBC9000D897E /* StoreKitTestCertificate.cer */,
				F64DE3EB2CB1C893006D21FC /* nest-note */,
				F62DB7E92D6EC32800712D4B /* Frameworks */,
				F64DE3EA2CB1C893006D21FC /* Products */,
			);
			sourceTree = "<group>";
		};
		F64DE3EA2CB1C893006D21FC /* Products */ = {
			isa = PBXGroup;
			children = (
				F64DE3E92CB1C893006D21FC /* nest-note.app */,
			);
			name = Products;
			sourceTree = "<group>";
		};
/* End PBXGroup section */

/* Begin PBXNativeTarget section */
		F64DE3E82CB1C893006D21FC /* nest-note */ = {
			isa = PBXNativeTarget;
			buildConfigurationList = F64DE3FC2CB1C897006D21FC /* Build configuration list for PBXNativeTarget "nest-note" */;
			buildPhases = (
				F64DE3E52CB1C893006D21FC /* Sources */,
				F64DE3E62CB1C893006D21FC /* Frameworks */,
				F64DE3E72CB1C893006D21FC /* Resources */,
				F6A81B962E56642A00D24D95 /* Embed Frameworks */,
				F64F4B1F2E2DB77D00F04C46 /* Run Script */,
			);
			buildRules = (
			);
			dependencies = (
			);
			fileSystemSynchronizedGroups = (
				F64DE3EB2CB1C893006D21FC /* nest-note */,
			);
			name = "nest-note";
			packageProductDependencies = (
				F66E29232CD077E900B90ABC /* FirebaseAnalytics */,
				F66E29252CD077E900B90ABC /* FirebaseAuth */,
				F66E29272CD077E900B90ABC /* FirebaseCore */,
				F66E29292CD077E900B90ABC /* FirebaseCrashlytics */,
				F66E292B2CD077E900B90ABC /* FirebaseDatabase */,
				F66E292D2CD077E900B90ABC /* FirebaseFirestore */,
				F66E292F2CD077E900B90ABC /* FirebaseRemoteConfig */,
				F66E29312CD077E900B90ABC /* FirebaseStorage */,
				F6B678292CDDED5700FDCAE4 /* Toast */,
				F62DB7EA2D6EC32800712D4B /* FirebaseFunctions */,
				F6E9EE522DA596DF009113C6 /* FirebaseMessaging */,
				F670377E2DFCA5DD000D897E /* RevenueCat */,
				F67037802DFCA5DD000D897E /* RevenueCatUI */,
				F6A81B8F2E56524600D24D95 /* QRCode */,
			);
			productName = "nest-note";
			productReference = F64DE3E92CB1C893006D21FC /* nest-note.app */;
			productType = "com.apple.product-type.application";
		};
/* End PBXNativeTarget section */

/* Begin PBXProject section */
		F64DE3E12CB1C893006D21FC /* Project object */ = {
			isa = PBXProject;
			attributes = {
				BuildIndependentTargetsInParallel = 1;
				LastSwiftUpdateCheck = 1600;
				LastUpgradeCheck = 1600;
				TargetAttributes = {
					F64DE3E82CB1C893006D21FC = {
						CreatedOnToolsVersion = 16.0;
					};
				};
			};
			buildConfigurationList = F64DE3E42CB1C893006D21FC /* Build configuration list for PBXProject "nest-note" */;
			developmentRegion = en;
			hasScannedForEncodings = 0;
			knownRegions = (
				en,
				Base,
			);
			mainGroup = F64DE3E02CB1C893006D21FC;
			minimizedProjectReferenceProxies = 1;
			packageReferences = (
				F66E29222CD077E900B90ABC /* XCRemoteSwiftPackageReference "firebase-ios-sdk" */,
				F6B678282CDDED5700FDCAE4 /* XCRemoteSwiftPackageReference "toast-swift" */,
				F670377D2DFCA5DD000D897E /* XCRemoteSwiftPackageReference "purchases-ios-spm" */,
				F6A81B8E2E56524600D24D95 /* XCRemoteSwiftPackageReference "qrcode" */,
			);
			preferredProjectObjectVersion = 77;
			productRefGroup = F64DE3EA2CB1C893006D21FC /* Products */;
			projectDirPath = "";
			projectRoot = "";
			targets = (
				F64DE3E82CB1C893006D21FC /* nest-note */,
			);
		};
/* End PBXProject section */

/* Begin PBXResourcesBuildPhase section */
		F64DE3E72CB1C893006D21FC /* Resources */ = {
			isa = PBXResourcesBuildPhase;
			buildActionMask = 2147483647;
			files = (
				F670378F2DFCEBC9000D897E /* StoreKitTestCertificate.cer in Resources */,
				F670378D2DFCEA8E000D897E /* nn-storekit-config.storekit in Resources */,
			);
			runOnlyForDeploymentPostprocessing = 0;
		};
/* End PBXResourcesBuildPhase section */

/* Begin PBXShellScriptBuildPhase section */
		F64F4B1F2E2DB77D00F04C46 /* Run Script */ = {
			isa = PBXShellScriptBuildPhase;
			buildActionMask = 2147483647;
			files = (
			);
			inputFileListPaths = (
			);
			inputPaths = (
				"${DWARF_DSYM_FOLDER_PATH}/${DWARF_DSYM_FILE_NAME}/Contents/Resources/DWARF/${TARGET_NAME}",
				"$(SRCROOT)/$(BUILT_PRODUCTS_DIR)/$(INFOPLIST_PATH)",
			);
			name = "Run Script";
			outputFileListPaths = (
			);
			outputPaths = (
			);
			runOnlyForDeploymentPostprocessing = 0;
			shellPath = /bin/sh;
			shellScript = "# Type a script or drag a script file from your workspace to insert its path.\nif [ -f \"${BUILD_DIR%/Build/*}/SourcePackages/checkouts/firebase-ios-sdk/Crashlytics/run\" ]; then\n    \"${BUILD_DIR%/Build/*}/SourcePackages/checkouts/firebase-ios-sdk/Crashlytics/run\"\nelse\n    echo \"Warning: Crashlytics run script not found\"\nfi\n";
		};
/* End PBXShellScriptBuildPhase section */

/* Begin PBXSourcesBuildPhase section */
		F64DE3E52CB1C893006D21FC /* Sources */ = {
			isa = PBXSourcesBuildPhase;
			buildActionMask = 2147483647;
			files = (
			);
			runOnlyForDeploymentPostprocessing = 0;
		};
/* End PBXSourcesBuildPhase section */

/* Begin XCBuildConfiguration section */
		F64DE3FD2CB1C897006D21FC /* Debug */ = {
			isa = XCBuildConfiguration;
			buildSettings = {
				ASSETCATALOG_COMPILER_ALTERNATE_APPICON_NAMES = "icon_dark app-icon_green app-icon_pattern app-icon_main";
				ASSETCATALOG_COMPILER_APPICON_NAME = "icon-pattern";
				ASSETCATALOG_COMPILER_GLOBAL_ACCENT_COLOR_NAME = AccentColor;
				ASSETCATALOG_COMPILER_INCLUDE_ALL_APPICON_ASSETS = YES;
				CODE_SIGN_ENTITLEMENTS = "nest-note/nest-note.entitlements";
				CODE_SIGN_STYLE = Automatic;
				CURRENT_PROJECT_VERSION = 1;
				DEVELOPMENT_TEAM = X89M6X46Y8;
				ENABLE_USER_SCRIPT_SANDBOXING = NO;
				GENERATE_INFOPLIST_FILE = YES;
				INFOPLIST_FILE = "nest-note/SupportingFiles/Info.plist";
				INFOPLIST_KEY_CFBundleDisplayName = NestNote;
				INFOPLIST_KEY_LSApplicationCategoryType = "public.app-category.lifestyle";
				INFOPLIST_KEY_UIApplicationSupportsIndirectInputEvents = YES;
				INFOPLIST_KEY_UILaunchStoryboardName = LaunchScreen;
				INFOPLIST_KEY_UISupportedInterfaceOrientations = UIInterfaceOrientationPortrait;
				INFOPLIST_KEY_UISupportedInterfaceOrientations_iPad = "UIInterfaceOrientationLandscapeLeft UIInterfaceOrientationLandscapeRight UIInterfaceOrientationPortrait UIInterfaceOrientationPortraitUpsideDown";
				LD_RUNPATH_SEARCH_PATHS = (
					"$(inherited)",
					"@executable_path/Frameworks",
				);
				MARKETING_VERSION = 1.2.1;
				PRODUCT_BUNDLE_IDENTIFIER = "com.Swappfunc.nest-note";
				PRODUCT_NAME = "$(TARGET_NAME)";
				SUPPORTED_PLATFORMS = "iphoneos iphonesimulator";
				SUPPORTS_MACCATALYST = NO;
				SUPPORTS_MAC_DESIGNED_FOR_IPHONE_IPAD = NO;
				SUPPORTS_XR_DESIGNED_FOR_IPHONE_IPAD = NO;
				SWIFT_EMIT_LOC_STRINGS = YES;
				SWIFT_VERSION = 5.0;
				TARGETED_DEVICE_FAMILY = 1;
			};
			name = Debug;
		};
		F64DE3FE2CB1C897006D21FC /* Release */ = {
			isa = XCBuildConfiguration;
			buildSettings = {
				ASSETCATALOG_COMPILER_ALTERNATE_APPICON_NAMES = "icon_dark app-icon_green app-icon_pattern app-icon_main";
				ASSETCATALOG_COMPILER_APPICON_NAME = "icon-pattern";
				ASSETCATALOG_COMPILER_GLOBAL_ACCENT_COLOR_NAME = AccentColor;
				ASSETCATALOG_COMPILER_INCLUDE_ALL_APPICON_ASSETS = YES;
				CODE_SIGN_ENTITLEMENTS = "nest-note/nest-note.entitlements";
				CODE_SIGN_STYLE = Automatic;
				CURRENT_PROJECT_VERSION = 1;
				DEVELOPMENT_TEAM = X89M6X46Y8;
				ENABLE_USER_SCRIPT_SANDBOXING = NO;
				GENERATE_INFOPLIST_FILE = YES;
				INFOPLIST_FILE = "nest-note/SupportingFiles/Info.plist";
				INFOPLIST_KEY_CFBundleDisplayName = NestNote;
				INFOPLIST_KEY_LSApplicationCategoryType = "public.app-category.lifestyle";
				INFOPLIST_KEY_UIApplicationSupportsIndirectInputEvents = YES;
				INFOPLIST_KEY_UILaunchStoryboardName = LaunchScreen;
				INFOPLIST_KEY_UISupportedInterfaceOrientations = UIInterfaceOrientationPortrait;
				INFOPLIST_KEY_UISupportedInterfaceOrientations_iPad = "UIInterfaceOrientationLandscapeLeft UIInterfaceOrientationLandscapeRight UIInterfaceOrientationPortrait UIInterfaceOrientationPortraitUpsideDown";
				LD_RUNPATH_SEARCH_PATHS = (
					"$(inherited)",
					"@executable_path/Frameworks",
				);
				MARKETING_VERSION = 1.2.1;
				PRODUCT_BUNDLE_IDENTIFIER = "com.Swappfunc.nest-note";
				PRODUCT_NAME = "$(TARGET_NAME)";
				SUPPORTED_PLATFORMS = "iphoneos iphonesimulator";
				SUPPORTS_MACCATALYST = NO;
				SUPPORTS_MAC_DESIGNED_FOR_IPHONE_IPAD = NO;
				SUPPORTS_XR_DESIGNED_FOR_IPHONE_IPAD = NO;
				SWIFT_EMIT_LOC_STRINGS = YES;
				SWIFT_VERSION = 5.0;
				TARGETED_DEVICE_FAMILY = 1;
			};
			name = Release;
		};
		F64DE3FF2CB1C897006D21FC /* Debug */ = {
			isa = XCBuildConfiguration;
			buildSettings = {
				ALWAYS_SEARCH_USER_PATHS = NO;
				ASSETCATALOG_COMPILER_GENERATE_SWIFT_ASSET_SYMBOL_EXTENSIONS = YES;
				CLANG_ANALYZER_NONNULL = YES;
				CLANG_ANALYZER_NUMBER_OBJECT_CONVERSION = YES_AGGRESSIVE;
				CLANG_CXX_LANGUAGE_STANDARD = "gnu++20";
				CLANG_ENABLE_MODULES = YES;
				CLANG_ENABLE_OBJC_ARC = YES;
				CLANG_ENABLE_OBJC_WEAK = YES;
				CLANG_WARN_BLOCK_CAPTURE_AUTORELEASING = YES;
				CLANG_WARN_BOOL_CONVERSION = YES;
				CLANG_WARN_COMMA = YES;
				CLANG_WARN_CONSTANT_CONVERSION = YES;
				CLANG_WARN_DEPRECATED_OBJC_IMPLEMENTATIONS = YES;
				CLANG_WARN_DIRECT_OBJC_ISA_USAGE = YES_ERROR;
				CLANG_WARN_DOCUMENTATION_COMMENTS = YES;
				CLANG_WARN_EMPTY_BODY = YES;
				CLANG_WARN_ENUM_CONVERSION = YES;
				CLANG_WARN_INFINITE_RECURSION = YES;
				CLANG_WARN_INT_CONVERSION = YES;
				CLANG_WARN_NON_LITERAL_NULL_CONVERSION = YES;
				CLANG_WARN_OBJC_IMPLICIT_RETAIN_SELF = YES;
				CLANG_WARN_OBJC_LITERAL_CONVERSION = YES;
				CLANG_WARN_OBJC_ROOT_CLASS = YES_ERROR;
				CLANG_WARN_QUOTED_INCLUDE_IN_FRAMEWORK_HEADER = YES;
				CLANG_WARN_RANGE_LOOP_ANALYSIS = YES;
				CLANG_WARN_STRICT_PROTOTYPES = YES;
				CLANG_WARN_SUSPICIOUS_MOVE = YES;
				CLANG_WARN_UNGUARDED_AVAILABILITY = YES_AGGRESSIVE;
				CLANG_WARN_UNREACHABLE_CODE = YES;
				CLANG_WARN__DUPLICATE_METHOD_MATCH = YES;
				COPY_PHASE_STRIP = NO;
				DEBUG_INFORMATION_FORMAT = dwarf;
				ENABLE_STRICT_OBJC_MSGSEND = YES;
				ENABLE_TESTABILITY = YES;
				ENABLE_USER_SCRIPT_SANDBOXING = YES;
				GCC_C_LANGUAGE_STANDARD = gnu17;
				GCC_DYNAMIC_NO_PIC = NO;
				GCC_NO_COMMON_BLOCKS = YES;
				GCC_OPTIMIZATION_LEVEL = 0;
				GCC_PREPROCESSOR_DEFINITIONS = (
					"DEBUG=1",
					"$(inherited)",
				);
				GCC_WARN_64_TO_32_BIT_CONVERSION = YES;
				GCC_WARN_ABOUT_RETURN_TYPE = YES_ERROR;
				GCC_WARN_UNDECLARED_SELECTOR = YES;
				GCC_WARN_UNINITIALIZED_AUTOS = YES_AGGRESSIVE;
				GCC_WARN_UNUSED_FUNCTION = YES;
				GCC_WARN_UNUSED_VARIABLE = YES;
				IPHONEOS_DEPLOYMENT_TARGET = 18.0;
				LOCALIZATION_PREFERS_STRING_CATALOGS = YES;
				MTL_ENABLE_DEBUG_INFO = INCLUDE_SOURCE;
				MTL_FAST_MATH = YES;
				ONLY_ACTIVE_ARCH = YES;
				SDKROOT = iphoneos;
				SWIFT_ACTIVE_COMPILATION_CONDITIONS = "DEBUG $(inherited)";
				SWIFT_OPTIMIZATION_LEVEL = "-Onone";
			};
			name = Debug;
		};
		F64DE4002CB1C897006D21FC /* Release */ = {
			isa = XCBuildConfiguration;
			buildSettings = {
				ALWAYS_SEARCH_USER_PATHS = NO;
				ASSETCATALOG_COMPILER_GENERATE_SWIFT_ASSET_SYMBOL_EXTENSIONS = YES;
				CLANG_ANALYZER_NONNULL = YES;
				CLANG_ANALYZER_NUMBER_OBJECT_CONVERSION = YES_AGGRESSIVE;
				CLANG_CXX_LANGUAGE_STANDARD = "gnu++20";
				CLANG_ENABLE_MODULES = YES;
				CLANG_ENABLE_OBJC_ARC = YES;
				CLANG_ENABLE_OBJC_WEAK = YES;
				CLANG_WARN_BLOCK_CAPTURE_AUTORELEASING = YES;
				CLANG_WARN_BOOL_CONVERSION = YES;
				CLANG_WARN_COMMA = YES;
				CLANG_WARN_CONSTANT_CONVERSION = YES;
				CLANG_WARN_DEPRECATED_OBJC_IMPLEMENTATIONS = YES;
				CLANG_WARN_DIRECT_OBJC_ISA_USAGE = YES_ERROR;
				CLANG_WARN_DOCUMENTATION_COMMENTS = YES;
				CLANG_WARN_EMPTY_BODY = YES;
				CLANG_WARN_ENUM_CONVERSION = YES;
				CLANG_WARN_INFINITE_RECURSION = YES;
				CLANG_WARN_INT_CONVERSION = YES;
				CLANG_WARN_NON_LITERAL_NULL_CONVERSION = YES;
				CLANG_WARN_OBJC_IMPLICIT_RETAIN_SELF = YES;
				CLANG_WARN_OBJC_LITERAL_CONVERSION = YES;
				CLANG_WARN_OBJC_ROOT_CLASS = YES_ERROR;
				CLANG_WARN_QUOTED_INCLUDE_IN_FRAMEWORK_HEADER = YES;
				CLANG_WARN_RANGE_LOOP_ANALYSIS = YES;
				CLANG_WARN_STRICT_PROTOTYPES = YES;
				CLANG_WARN_SUSPICIOUS_MOVE = YES;
				CLANG_WARN_UNGUARDED_AVAILABILITY = YES_AGGRESSIVE;
				CLANG_WARN_UNREACHABLE_CODE = YES;
				CLANG_WARN__DUPLICATE_METHOD_MATCH = YES;
				COPY_PHASE_STRIP = NO;
				DEBUG_INFORMATION_FORMAT = "dwarf-with-dsym";
				ENABLE_NS_ASSERTIONS = NO;
				ENABLE_STRICT_OBJC_MSGSEND = YES;
				ENABLE_USER_SCRIPT_SANDBOXING = YES;
				GCC_C_LANGUAGE_STANDARD = gnu17;
				GCC_NO_COMMON_BLOCKS = YES;
				GCC_WARN_64_TO_32_BIT_CONVERSION = YES;
				GCC_WARN_ABOUT_RETURN_TYPE = YES_ERROR;
				GCC_WARN_UNDECLARED_SELECTOR = YES;
				GCC_WARN_UNINITIALIZED_AUTOS = YES_AGGRESSIVE;
				GCC_WARN_UNUSED_FUNCTION = YES;
				GCC_WARN_UNUSED_VARIABLE = YES;
				IPHONEOS_DEPLOYMENT_TARGET = 18.0;
				LOCALIZATION_PREFERS_STRING_CATALOGS = YES;
				MTL_ENABLE_DEBUG_INFO = NO;
				MTL_FAST_MATH = YES;
				SDKROOT = iphoneos;
				SWIFT_COMPILATION_MODE = wholemodule;
				VALIDATE_PRODUCT = YES;
			};
			name = Release;
		};
/* End XCBuildConfiguration section */

/* Begin XCConfigurationList section */
		F64DE3E42CB1C893006D21FC /* Build configuration list for PBXProject "nest-note" */ = {
			isa = XCConfigurationList;
			buildConfigurations = (
				F64DE3FF2CB1C897006D21FC /* Debug */,
				F64DE4002CB1C897006D21FC /* Release */,
			);
			defaultConfigurationIsVisible = 0;
			defaultConfigurationName = Release;
		};
		F64DE3FC2CB1C897006D21FC /* Build configuration list for PBXNativeTarget "nest-note" */ = {
			isa = XCConfigurationList;
			buildConfigurations = (
				F64DE3FD2CB1C897006D21FC /* Debug */,
				F64DE3FE2CB1C897006D21FC /* Release */,
			);
			defaultConfigurationIsVisible = 0;
			defaultConfigurationName = Release;
		};
/* End XCConfigurationList section */

/* Begin XCRemoteSwiftPackageReference section */
		F66E29222CD077E900B90ABC /* XCRemoteSwiftPackageReference "firebase-ios-sdk" */ = {
			isa = XCRemoteSwiftPackageReference;
			repositoryURL = "https://github.com/firebase/firebase-ios-sdk";
			requirement = {
				kind = upToNextMajorVersion;
				minimumVersion = 11.4.0;
			};
		};
		F670377D2DFCA5DD000D897E /* XCRemoteSwiftPackageReference "purchases-ios-spm" */ = {
			isa = XCRemoteSwiftPackageReference;
			repositoryURL = "https://github.com/RevenueCat/purchases-ios-spm";
			requirement = {
				kind = upToNextMajorVersion;
				minimumVersion = 5.28.1;
			};
		};
		F6A81B8E2E56524600D24D95 /* XCRemoteSwiftPackageReference "qrcode" */ = {
			isa = XCRemoteSwiftPackageReference;
			repositoryURL = "https://github.com/dagronf/qrcode.git";
			requirement = {
				kind = upToNextMajorVersion;
				minimumVersion = 27.11.0;
			};
		};
		F6B678282CDDED5700FDCAE4 /* XCRemoteSwiftPackageReference "toast-swift" */ = {
			isa = XCRemoteSwiftPackageReference;
			repositoryURL = "https://github.com/BastiaanJansen/toast-swift";
			requirement = {
				kind = upToNextMajorVersion;
				minimumVersion = 2.1.2;
			};
		};
/* End XCRemoteSwiftPackageReference section */

/* Begin XCSwiftPackageProductDependency section */
		F62DB7EA2D6EC32800712D4B /* FirebaseFunctions */ = {
			isa = XCSwiftPackageProductDependency;
			package = F66E29222CD077E900B90ABC /* XCRemoteSwiftPackageReference "firebase-ios-sdk" */;
			productName = FirebaseFunctions;
		};
		F66E29232CD077E900B90ABC /* FirebaseAnalytics */ = {
			isa = XCSwiftPackageProductDependency;
			package = F66E29222CD077E900B90ABC /* XCRemoteSwiftPackageReference "firebase-ios-sdk" */;
			productName = FirebaseAnalytics;
		};
		F66E29252CD077E900B90ABC /* FirebaseAuth */ = {
			isa = XCSwiftPackageProductDependency;
			package = F66E29222CD077E900B90ABC /* XCRemoteSwiftPackageReference "firebase-ios-sdk" */;
			productName = FirebaseAuth;
		};
		F66E29272CD077E900B90ABC /* FirebaseCore */ = {
			isa = XCSwiftPackageProductDependency;
			package = F66E29222CD077E900B90ABC /* XCRemoteSwiftPackageReference "firebase-ios-sdk" */;
			productName = FirebaseCore;
		};
		F66E29292CD077E900B90ABC /* FirebaseCrashlytics */ = {
			isa = XCSwiftPackageProductDependency;
			package = F66E29222CD077E900B90ABC /* XCRemoteSwiftPackageReference "firebase-ios-sdk" */;
			productName = FirebaseCrashlytics;
		};
		F66E292B2CD077E900B90ABC /* FirebaseDatabase */ = {
			isa = XCSwiftPackageProductDependency;
			package = F66E29222CD077E900B90ABC /* XCRemoteSwiftPackageReference "firebase-ios-sdk" */;
			productName = FirebaseDatabase;
		};
		F66E292D2CD077E900B90ABC /* FirebaseFirestore */ = {
			isa = XCSwiftPackageProductDependency;
			package = F66E29222CD077E900B90ABC /* XCRemoteSwiftPackageReference "firebase-ios-sdk" */;
			productName = FirebaseFirestore;
		};
		F66E292F2CD077E900B90ABC /* FirebaseRemoteConfig */ = {
			isa = XCSwiftPackageProductDependency;
			package = F66E29222CD077E900B90ABC /* XCRemoteSwiftPackageReference "firebase-ios-sdk" */;
			productName = FirebaseRemoteConfig;
		};
		F66E29312CD077E900B90ABC /* FirebaseStorage */ = {
			isa = XCSwiftPackageProductDependency;
			package = F66E29222CD077E900B90ABC /* XCRemoteSwiftPackageReference "firebase-ios-sdk" */;
			productName = FirebaseStorage;
		};
		F670377E2DFCA5DD000D897E /* RevenueCat */ = {
			isa = XCSwiftPackageProductDependency;
			package = F670377D2DFCA5DD000D897E /* XCRemoteSwiftPackageReference "purchases-ios-spm" */;
			productName = RevenueCat;
		};
		F67037802DFCA5DD000D897E /* RevenueCatUI */ = {
			isa = XCSwiftPackageProductDependency;
			package = F670377D2DFCA5DD000D897E /* XCRemoteSwiftPackageReference "purchases-ios-spm" */;
			productName = RevenueCatUI;
		};
		F6A81B8F2E56524600D24D95 /* QRCode */ = {
			isa = XCSwiftPackageProductDependency;
			package = F6A81B8E2E56524600D24D95 /* XCRemoteSwiftPackageReference "qrcode" */;
			productName = QRCode;
		};
		F6B678292CDDED5700FDCAE4 /* Toast */ = {
			isa = XCSwiftPackageProductDependency;
			package = F6B678282CDDED5700FDCAE4 /* XCRemoteSwiftPackageReference "toast-swift" */;
			productName = Toast;
		};
		F6E9EE522DA596DF009113C6 /* FirebaseMessaging */ = {
			isa = XCSwiftPackageProductDependency;
			productName = FirebaseMessaging;
		};
/* End XCSwiftPackageProductDependency section */
	};
	rootObject = F64DE3E12CB1C893006D21FC /* Project object */;
}
